lockfileVersion: '9.0'

settings:
  autoInstallPeers: true
  excludeLinksFromLockfile: false

importers:

  .:
    dependencies:
      '@excalidraw/excalidraw':
        specifier: ^0.17.0
        version: 0.17.6(react-dom@18.3.1(react@18.3.1))(react@18.3.1)
      '@lexical/clipboard':
        specifier: 0.21.0
        version: 0.21.0
      '@lexical/code':
        specifier: 0.21.0
        version: 0.21.0
      '@lexical/file':
        specifier: 0.21.0
        version: 0.21.0
      '@lexical/hashtag':
        specifier: 0.21.0
        version: 0.21.0
      '@lexical/link':
        specifier: 0.21.0
        version: 0.21.0
      '@lexical/list':
        specifier: 0.21.0
        version: 0.21.0
      '@lexical/mark':
        specifier: 0.21.0
        version: 0.21.0
      '@lexical/overflow':
        specifier: 0.21.0
        version: 0.21.0
      '@lexical/plain-text':
        specifier: 0.21.0
        version: 0.21.0
      '@lexical/react':
        specifier: 0.21.0
        version: 0.21.0(react-dom@18.3.1(react@18.3.1))(react@18.3.1)(yjs@13.6.24)
      '@lexical/rich-text':
        specifier: 0.21.0
        version: 0.21.0
      '@lexical/selection':
        specifier: 0.21.0
        version: 0.21.0
      '@lexical/table':
        specifier: 0.21.0
        version: 0.21.0
      '@lexical/utils':
        specifier: 0.21.0
        version: 0.21.0
      katex:
        specifier: ^0.16.10
        version: 0.16.21
      lexical:
        specifier: 0.21.0
        version: 0.21.0
      lodash-es:
        specifier: ^4.17.21
        version: 4.17.21
      prettier:
        specifier: ^3.4.2
        version: 3.5.3
      react:
        specifier: ^18.2.0
        version: 18.3.1
      react-dom:
        specifier: ^18.2.0
        version: 18.3.1(react@18.3.1)
      react-error-boundary:
        specifier: ^3.1.4
        version: 3.1.4(react@18.3.1)
      y-websocket:
        specifier: ^1.5.4
        version: 1.5.4(yjs@13.6.24)
      yjs:
        specifier: '>=13.5.42'
        version: 13.6.24
    devDependencies:
      '@types/lodash-es':
        specifier: ^4.14.182
        version: 4.17.12
      typescript:
        specifier: ^5.8.2
        version: 5.8.2

packages:

  '@babel/runtime@7.26.10':
    resolution: {integrity: sha512-2WJMeRQPHKSPemqk/awGrAiuFfzBmOIPXKizAsVhWH9YJqLZ0H+HS4c8loHGgW6utJ3E/ejXQUsiGaQy2NZ9Fw==}
    engines: {node: '>=6.9.0'}

  '@excalidraw/excalidraw@0.17.6':
    resolution: {integrity: sha512-fyCl+zG/Z5yhHDh5Fq2ZGmphcrALmuOdtITm8gN4d8w4ntnaopTXcTfnAAaU3VleDC6LhTkoLOTG6P5kgREiIg==}
    peerDependencies:
      react: ^17.0.2 || ^18.2.0
      react-dom: ^17.0.2 || ^18.2.0

  '@lexical/clipboard@0.21.0':
    resolution: {integrity: sha512-3lNMlMeUob9fcnRXGVieV/lmPbmet/SVWckNTOwzfKrZ/YW5HiiyJrWviLRVf50dGXTbmBGt7K/2pfPYvWCHFA==}

  '@lexical/code@0.21.0':
    resolution: {integrity: sha512-E0DNSFu4I+LMn3ft+UT0Dbntc8ZKjIA0BJj6BDewm0qh3bir40YUf5DkI2lpiFNRF2OpcmmcIxakREeU6avqTA==}

  '@lexical/devtools-core@0.21.0':
    resolution: {integrity: sha512-csK41CmRLZbKNV5pT4fUn5RzdPjU5PoWR8EqaS9kiyayhDg2zEnuPtvUYWanLfCLH9A2oOfbEsGxjMctAySlJw==}
    peerDependencies:
      react: '>=17.x'
      react-dom: '>=17.x'

  '@lexical/dragon@0.21.0':
    resolution: {integrity: sha512-ahTCaOtRFNauEzplN1qVuPjyGAlDd+XcVM5FQCdxVh/1DvqmBxEJRVuCBqatzUUVb89jRBekYUcEdnY9iNjvEQ==}

  '@lexical/file@0.21.0':
    resolution: {integrity: sha512-2cW4n0zERj5PS1AOlwhNlOrC53qIuK6aQ7lX3e3W4uoIU0hhoG0rSnOIsVzHnPRhZ9Khw/JD6nY4B+e6+IXEuQ==}

  '@lexical/hashtag@0.21.0':
    resolution: {integrity: sha512-O4dxcZNq1Xm45HLoRifbGAYvQkg3qLoBc6ibmHnDqZL5mQDsufnH6QEKWfgDtrvp9++3iqsSC+TE7VzWIvA7ww==}

  '@lexical/history@0.21.0':
    resolution: {integrity: sha512-Sv2sici2NnAfHYHYRSjjS139MDT8fHP6PlYM2hVr+17dOg7/fJl22VBLRgQ7/+jLtAPxQjID69jvaMlOvt4Oog==}

  '@lexical/html@0.21.0':
    resolution: {integrity: sha512-UGahVsGz8OD7Ya39qwquE+JPStTxCw/uaQrnUNorCM7owtPidO2H+tsilAB3A1GK3ksFGdHeEjBjG0Gf7gOg+Q==}

  '@lexical/link@0.21.0':
    resolution: {integrity: sha512-/coktIyRXg8rXz/7uxXsSEfSQYxPIx8CmignAXWYhcyYtCWA0fD2mhEhWwVvHH9ofNzvidclRPYKUnrmUm3z3Q==}

  '@lexical/list@0.21.0':
    resolution: {integrity: sha512-WItGlwwNJCS8b6SO1QPKzArShmD+OXQkLbhBcAh+EfpnkvmCW5T5LqY+OfIRmEN1dhDOnwqCY7mXkivWO8o5tw==}

  '@lexical/mark@0.21.0':
    resolution: {integrity: sha512-2x/LoHDYPOkZbKHz4qLFWsPywjRv9KggTOtmRazmaNRUG0FpkImJwUbbaKjWQXeESVGpzfL3qNFSAmCWthsc4g==}

  '@lexical/markdown@0.21.0':
    resolution: {integrity: sha512-XCQCyW5ujK0xR6evV8sF0hv/MRUA//kIrB2JiyF12tLQyjLRNEXO+0IKastWnMKSaDdJMKjzgd+4PiummYs7uA==}

  '@lexical/offset@0.21.0':
    resolution: {integrity: sha512-UR0wHg+XXbq++6aeUPdU0K41xhUDBYzX+AeiqU9bZ7yoOq4grvKD8KBr5tARCSYTy0yvQnL1ddSO12TrP/98Lg==}

  '@lexical/overflow@0.21.0':
    resolution: {integrity: sha512-93P+d1mbvaJvZF8KK2pG22GuS2pHLtyC7N3GBfkbyAIb7TL/rYs47iR+eADJ4iNY680lylJ4Sl/AEnWvlY7hAg==}

  '@lexical/plain-text@0.21.0':
    resolution: {integrity: sha512-r4CsAknBD7qGYSE5fPdjpJ6EjfvzHbDtuCeKciL9muiswQhw4HeJrT1qb/QUIY+072uvXTgCgmjUmkbYnxKyPA==}

  '@lexical/react@0.21.0':
    resolution: {integrity: sha512-tKwx8EoNkBBKOZf8c10QfyDImH87+XUI1QDL8KXt+Lb8E4ho7g1jAjoEirNEn9gMBj33K4l2qVdbe3XmPAdpMQ==}
    peerDependencies:
      react: '>=17.x'
      react-dom: '>=17.x'

  '@lexical/rich-text@0.21.0':
    resolution: {integrity: sha512-+pvEKUneEkGfWOSTl9jU58N9knePilMLxxOtppCAcgnaCdilOh3n5YyRppXhvmprUe0JaTseCMoik2LP51G/JA==}

  '@lexical/selection@0.21.0':
    resolution: {integrity: sha512-4u53bc8zlPPF0rnHjsGQExQ1St8NafsDd70/t1FMw7yvoMtUsKdH7+ap00esLkJOMv45unJD7UOzKRqU1X0sEA==}

  '@lexical/table@0.21.0':
    resolution: {integrity: sha512-JhylAWcf4qKD4FmxMUt3YzH5zg2+baBr4+/haLZL7178hMvUzJwGIiWk+3hD3phzmW3WrP49uFXzM7DMSCkE8w==}

  '@lexical/text@0.21.0':
    resolution: {integrity: sha512-ceB4fhYejCoR8ID4uIs0sO/VyQoayRjrRWTIEMvOcQtwUkcyciKRhY0A7f2wVeq/MFStd+ajLLjy4WKYK5zUnA==}

  '@lexical/utils@0.21.0':
    resolution: {integrity: sha512-YzsNOAiLkCy6R3DuP18gtseDrzgx+30lFyqRvp5M7mckeYgQElwdfG5biNFDLv7BM9GjSzgU5Cunjycsx6Sjqg==}

  '@lexical/yjs@0.21.0':
    resolution: {integrity: sha512-AtPhC3pJ92CHz3dWoniSky7+MSK2WSd0xijc76I2qbTeXyeuFfYyhR6gWMg4knuY9Wz3vo9/+dXGdbQIPD8efw==}
    peerDependencies:
      yjs: '>=13.5.22'

  '@types/lodash-es@4.17.12':
    resolution: {integrity: sha512-0NgftHUcV4v34VhXm8QBSftKVXtbkBG3ViCjs6+eJ5a6y6Mi/jiFGPc1sC7QK+9BFhWrURE3EOggmWaSxL9OzQ==}

  '@types/lodash@4.17.16':
    resolution: {integrity: sha512-HX7Em5NYQAXKW+1T+FiuG27NGwzJfCX3s1GjOa7ujxZa52kjJLOr4FUxT+giF6Tgxv1e+/czV/iTtBw27WTU9g==}

  abstract-leveldown@6.2.3:
    resolution: {integrity: sha512-BsLm5vFMRUrrLeCcRc+G0t2qOaTzpoJQLOubq2XM72eNpjF5UdU5o/5NvlNhx95XHcAvcl8OMXr4mlg/fRgUXQ==}
    engines: {node: '>=6'}
    deprecated: Superseded by abstract-level (https://github.com/Level/community#faq)

  abstract-leveldown@6.3.0:
    resolution: {integrity: sha512-TU5nlYgta8YrBMNpc9FwQzRbiXsj49gsALsXadbGHt9CROPzX5fB0rWDR5mtdpOOKa5XqRFpbj1QroPAoPzVjQ==}
    engines: {node: '>=6'}
    deprecated: Superseded by abstract-level (https://github.com/Level/community#faq)

  async-limiter@1.0.1:
    resolution: {integrity: sha512-csOlWGAcRFJaI6m+F2WKdnMKr4HhdhFVBk0H/QbJFMCr+uO2kwohwXQPxw/9OCxp05r5ghVBFSyioixx3gfkNQ==}

  base64-js@1.5.1:
    resolution: {integrity: sha512-AKpaYlHn8t4SVbOHCy+b5+KKgvR4vrsD8vbvrbiQJps7fKDTkjkDry6ji0rUJjC0kzbNePLwzxq8iypo41qeWA==}

  buffer@5.7.1:
    resolution: {integrity: sha512-EHcyIPBQ4BSGlvjB16k5KgAJ27CIsHY/2JBmCRReo48y9rQ3MaUzWX3KVlBa4U7MyX02HdVj0K7C3WaB3ju7FQ==}

  commander@8.3.0:
    resolution: {integrity: sha512-OkTL9umf+He2DZkUq8f8J9of7yL6RJKI24dVITBmNfZBmri9zYZQrKkuXiKhyfPSu8tUhnVBB1iKXevvnlR4Ww==}
    engines: {node: '>= 12'}

  deferred-leveldown@5.3.0:
    resolution: {integrity: sha512-a59VOT+oDy7vtAbLRCZwWgxu2BaCfd5Hk7wxJd48ei7I+nsg8Orlb9CLG0PMZienk9BSUKgeAqkO2+Lw+1+Ukw==}
    engines: {node: '>=6'}
    deprecated: Superseded by abstract-level (https://github.com/Level/community#faq)

  encoding-down@6.3.0:
    resolution: {integrity: sha512-QKrV0iKR6MZVJV08QY0wp1e7vF6QbhnbQhb07bwpEyuz4uZiZgPlEGdkCROuFkUwdxlFaiPIhjyarH1ee/3vhw==}
    engines: {node: '>=6'}
    deprecated: Superseded by abstract-level (https://github.com/Level/community#faq)

  errno@0.1.8:
    resolution: {integrity: sha512-dJ6oBr5SQ1VSd9qkk7ByRgb/1SH4JZjCHSW/mr63/QcXO9zLVxvJ6Oy13nio03rxpSnVDDjFor75SjVeZWPW/A==}
    hasBin: true

  ieee754@1.2.1:
    resolution: {integrity: sha512-dcyqhDvX1C46lXZcVqCpK+FtMRQVdIMN6/Df5js2zouUsqG7I6sFxitIC+7KYK29KdXOLHdu9zL4sFnoVQnqaA==}

  immediate@3.3.0:
    resolution: {integrity: sha512-HR7EVodfFUdQCTIeySw+WDRFJlPcLOJbXfwwZ7Oom6tjsvZ3bOkCDJHehQC3nxJrv7+f9XecwazynjU8e4Vw3Q==}

  inherits@2.0.4:
    resolution: {integrity: sha512-k/vGaX4/Yla3WzyMCvTQOXYeIHvqOKtnqBduzTHpzpQZzAskKMhZ2K+EnBiSM9zGSoIFeMpXKxa4dYeZIQqewQ==}

  isomorphic.js@0.2.5:
    resolution: {integrity: sha512-PIeMbHqMt4DnUP3MA/Flc0HElYjMXArsw1qwJZcm9sqR8mq3l8NYizFMty0pWwE/tzIGH3EKK5+jes5mAr85yw==}

  js-tokens@4.0.0:
    resolution: {integrity: sha512-RdJUflcE3cUzKiMqQgsCu06FPu9UdIJO0beYbPhHN4k6apgJtifcoCtT9bcxOpYBtpD2kCM6Sbzg4CausW/PKQ==}

  katex@0.16.21:
    resolution: {integrity: sha512-XvqR7FgOHtWupfMiigNzmh+MgUVmDGU2kXZm899ZkPfcuoPuFxyHmXsgATDpFZDAXCI8tvinaVcDo8PIIJSo4A==}
    hasBin: true

  level-codec@9.0.2:
    resolution: {integrity: sha512-UyIwNb1lJBChJnGfjmO0OR+ezh2iVu1Kas3nvBS/BzGnx79dv6g7unpKIDNPMhfdTEGoc7mC8uAu51XEtX+FHQ==}
    engines: {node: '>=6'}
    deprecated: Superseded by level-transcoder (https://github.com/Level/community#faq)

  level-concat-iterator@2.0.1:
    resolution: {integrity: sha512-OTKKOqeav2QWcERMJR7IS9CUo1sHnke2C0gkSmcR7QuEtFNLLzHQAvnMw8ykvEcv0Qtkg0p7FOwP1v9e5Smdcw==}
    engines: {node: '>=6'}
    deprecated: Superseded by abstract-level (https://github.com/Level/community#faq)

  level-errors@2.0.1:
    resolution: {integrity: sha512-UVprBJXite4gPS+3VznfgDSU8PTRuVX0NXwoWW50KLxd2yw4Y1t2JUR5In1itQnudZqRMT9DlAM3Q//9NCjCFw==}
    engines: {node: '>=6'}
    deprecated: Superseded by abstract-level (https://github.com/Level/community#faq)

  level-iterator-stream@4.0.2:
    resolution: {integrity: sha512-ZSthfEqzGSOMWoUGhTXdX9jv26d32XJuHz/5YnuHZzH6wldfWMOVwI9TBtKcya4BKTyTt3XVA0A3cF3q5CY30Q==}
    engines: {node: '>=6'}

  level-js@5.0.2:
    resolution: {integrity: sha512-SnBIDo2pdO5VXh02ZmtAyPP6/+6YTJg2ibLtl9C34pWvmtMEmRTWpra+qO/hifkUtBTOtfx6S9vLDjBsBK4gRg==}
    deprecated: Superseded by browser-level (https://github.com/Level/community#faq)

  level-packager@5.1.1:
    resolution: {integrity: sha512-HMwMaQPlTC1IlcwT3+swhqf/NUO+ZhXVz6TY1zZIIZlIR0YSn8GtAAWmIvKjNY16ZkEg/JcpAuQskxsXqC0yOQ==}
    engines: {node: '>=6'}
    deprecated: Superseded by abstract-level (https://github.com/Level/community#faq)

  level-supports@1.0.1:
    resolution: {integrity: sha512-rXM7GYnW8gsl1vedTJIbzOrRv85c/2uCMpiiCzO2fndd06U/kUXEEU9evYn4zFggBOg36IsBW8LzqIpETwwQzg==}
    engines: {node: '>=6'}

  level@6.0.1:
    resolution: {integrity: sha512-psRSqJZCsC/irNhfHzrVZbmPYXDcEYhA5TVNwr+V92jF44rbf86hqGp8fiT702FyiArScYIlPSBTDUASCVNSpw==}
    engines: {node: '>=8.6.0'}

  leveldown@5.6.0:
    resolution: {integrity: sha512-iB8O/7Db9lPaITU1aA2txU/cBEXAt4vWwKQRrrWuS6XDgbP4QZGj9BL2aNbwb002atoQ/lIotJkfyzz+ygQnUQ==}
    engines: {node: '>=8.6.0'}
    deprecated: Superseded by classic-level (https://github.com/Level/community#faq)

  levelup@4.4.0:
    resolution: {integrity: sha512-94++VFO3qN95cM/d6eBXvd894oJE0w3cInq9USsyQzzoJxmiYzPAocNcuGCPGGjoXqDVJcr3C1jzt1TSjyaiLQ==}
    engines: {node: '>=6'}
    deprecated: Superseded by abstract-level (https://github.com/Level/community#faq)

  lexical@0.21.0:
    resolution: {integrity: sha512-Dxc5SCG4kB+wF+Rh55ism3SuecOKeOtCtGHFGKd6pj2QKVojtjkxGTQPMt7//2z5rMSue4R+hmRM0pCEZflupA==}

  lib0@0.2.99:
    resolution: {integrity: sha512-vwztYuUf1uf/1zQxfzRfO5yzfNKhTtgOByCruuiQQxWQXnPb8Itaube5ylofcV0oM0aKal9Mv+S1s1Ky0UYP1w==}
    engines: {node: '>=16'}
    hasBin: true

  lodash-es@4.17.21:
    resolution: {integrity: sha512-mKnC+QJ9pWVzv+C4/U3rRsHapFfHvQFoFB92e52xeyGMcX6/OlIl78je1u8vePzYZSkkogMPJ2yjxxsb89cxyw==}

  lodash.debounce@4.0.8:
    resolution: {integrity: sha512-FT1yDzDYEoYWhnSGnpE/4Kj1fLZkDFyqRb7fNt6FdYOSxlUWAtp42Eh6Wb0rGIv/m9Bgo7x4GhQbm5Ys4SG5ow==}

  loose-envify@1.4.0:
    resolution: {integrity: sha512-lyuxPGr/Wfhrlem2CL/UcnUc1zcqKAImBDzukY7Y5F/yQiNdko6+fRLevlw1HgMySw7f611UIY408EtxRSoK3Q==}
    hasBin: true

  ltgt@2.2.1:
    resolution: {integrity: sha512-AI2r85+4MquTw9ZYqabu4nMwy9Oftlfa/e/52t9IjtfG+mGBbTNdAoZ3RQKLHR6r0wQnwZnPIEh/Ya6XTWAKNA==}

  napi-macros@2.0.0:
    resolution: {integrity: sha512-A0xLykHtARfueITVDernsAWdtIMbOJgKgcluwENp3AlsKN/PloyO10HtmoqnFAQAcxPkgZN7wdfPfEd0zNGxbg==}

  node-gyp-build@4.1.1:
    resolution: {integrity: sha512-dSq1xmcPDKPZ2EED2S6zw/b9NKsqzXRE6dVr8TVQnI3FJOTteUMuqF3Qqs6LZg+mLGYJWqQzMbIjMtJqTv87nQ==}
    hasBin: true

  prettier@3.5.3:
    resolution: {integrity: sha512-QQtaxnoDJeAkDvDKWCLiwIXkTgRhwYDEQCghU9Z6q03iyek/rxRh/2lC3HB7P8sWT2xC/y5JDctPLBIGzHKbhw==}
    engines: {node: '>=14'}
    hasBin: true

  prismjs@1.30.0:
    resolution: {integrity: sha512-DEvV2ZF2r2/63V+tK8hQvrR2ZGn10srHbXviTlcv7Kpzw8jWiNTqbVgjO3IY8RxrrOUF8VPMQQFysYYYv0YZxw==}
    engines: {node: '>=6'}

  prr@1.0.1:
    resolution: {integrity: sha512-yPw4Sng1gWghHQWj0B3ZggWUm4qVbPwPFcRG8KyxiU7J2OHFSoEHKS+EZ3fv5l1t9CyCiop6l/ZYeWbrgoQejw==}

  react-dom@18.3.1:
    resolution: {integrity: sha512-5m4nQKp+rZRb09LNH59GM4BxTh9251/ylbKIbpe7TpGxfJ+9kv6BLkLBXIjjspbgbnIBNqlI23tRnTWT0snUIw==}
    peerDependencies:
      react: ^18.3.1

  react-error-boundary@3.1.4:
    resolution: {integrity: sha512-uM9uPzZJTF6wRQORmSrvOIgt4lJ9MC1sNgEOj2XGsDTRE4kmpWxg7ENK9EWNKJRMAOY9z0MuF4yIfl6gp4sotA==}
    engines: {node: '>=10', npm: '>=6'}
    peerDependencies:
      react: '>=16.13.1'

  react@18.3.1:
    resolution: {integrity: sha512-wS+hAgJShR0KhEvPJArfuPVN1+Hz1t0Y6n5jLrGQbkb4urgPE/0Rve+1kMB1v/oWgHgm4WIcV+i7F2pTVj+2iQ==}
    engines: {node: '>=0.10.0'}

  readable-stream@3.6.2:
    resolution: {integrity: sha512-9u/sniCrY3D5WdsERHzHE4G2YCXqoG5FTHUiCC4SIbr6XcLZBY05ya9EKjYek9O5xOAwjGq+1JdGBAS7Q9ScoA==}
    engines: {node: '>= 6'}

  regenerator-runtime@0.14.1:
    resolution: {integrity: sha512-dYnhHh0nJoMfnkZs6GmmhFknAGRrLznOu5nc9ML+EJxGvrx6H7teuevqVqCuPcPK//3eDrrjQhehXVx9cnkGdw==}

  safe-buffer@5.2.1:
    resolution: {integrity: sha512-rp3So07KcdmmKbGvgaNxQSJr7bGVSVk5S9Eq1F+ppbRo70+YeaDxkw5Dd8NPN+GD6bjnYm2VuPuCXmpuYvmCXQ==}

  scheduler@0.23.2:
    resolution: {integrity: sha512-UOShsPwz7NrMUqhR6t0hWjFduvOzbtv7toDH1/hIrfRNIDBnnBWd0CwJTGvTpngVlmwGCdP9/Zl/tVrDqcuYzQ==}

  string_decoder@1.3.0:
    resolution: {integrity: sha512-hkRX8U1WjJFd8LsDJ2yQ/wWWxaopEsABU1XfkM8A+j0+85JAGppt16cr1Whg6KIbb4okU6Mql6BOj+uup/wKeA==}

  typescript@5.8.2:
    resolution: {integrity: sha512-aJn6wq13/afZp/jT9QZmwEjDqqvSGp1VT5GVg+f/t6/oVyrgXM6BY1h9BRh/O5p3PlUPAe+WuiEZOmb/49RqoQ==}
    engines: {node: '>=14.17'}
    hasBin: true

  util-deprecate@1.0.2:
    resolution: {integrity: sha512-EPD5q1uXyFxJpCrLnCc1nHnq3gOa6DZBocAIiI2TaSCA7VCJ1UJDMagCzIkXNsUYfD1daK//LTEQ8xiIbrHtcw==}

  ws@6.2.3:
    resolution: {integrity: sha512-jmTjYU0j60B+vHey6TfR3Z7RD61z/hmxBS3VMSGIrroOWXQEneK1zNuotOUrGyBHQj0yrpsLHPWtigEFd13ndA==}
    peerDependencies:
      bufferutil: ^4.0.1
      utf-8-validate: ^5.0.2
    peerDependenciesMeta:
      bufferutil:
        optional: true
      utf-8-validate:
        optional: true

  xtend@4.0.2:
    resolution: {integrity: sha512-LKYU1iAXJXUgAXn9URjiu+MWhyUXHsvfp7mcuYm9dSUKK0/CjtrUwFAxD82/mCWbtLsGjFIad0wIsod4zrTAEQ==}
    engines: {node: '>=0.4'}

  y-leveldb@0.1.2:
    resolution: {integrity: sha512-6ulEn5AXfXJYi89rXPEg2mMHAyyw8+ZfeMMdOtBbV8FJpQ1NOrcgi6DTAcXof0dap84NjHPT2+9d0rb6cFsjEg==}
    peerDependencies:
      yjs: ^13.0.0

  y-protocols@1.0.6:
    resolution: {integrity: sha512-vHRF2L6iT3rwj1jub/K5tYcTT/mEYDUppgNPXwp8fmLpui9f7Yeq3OEtTLVF012j39QnV+KEQpNqoN7CWU7Y9Q==}
    engines: {node: '>=16.0.0', npm: '>=8.0.0'}
    peerDependencies:
      yjs: ^13.0.0

  y-websocket@1.5.4:
    resolution: {integrity: sha512-Y3021uy0anOIHqAPyAZbNDoR05JuMEGjRNI8c+K9MHzVS8dWoImdJUjccljAznc8H2L7WkIXhRHZ1igWNRSgPw==}
    engines: {node: '>=16.0.0', npm: '>=8.0.0'}
    hasBin: true
    peerDependencies:
      yjs: ^13.5.6

  yjs@13.6.24:
    resolution: {integrity: sha512-xn/pYLTZa3uD1uDG8lpxfLRo5SR/rp0frdASOl2a71aYNvUXdWcLtVL91s2y7j+Q8ppmjZ9H3jsGVgoFMbT2VA==}
    engines: {node: '>=16.0.0', npm: '>=8.0.0'}

snapshots:

  '@babel/runtime@7.26.10':
    dependencies:
      regenerator-runtime: 0.14.1

  '@excalidraw/excalidraw@0.17.6(react-dom@18.3.1(react@18.3.1))(react@18.3.1)':
    dependencies:
      react: 18.3.1
      react-dom: 18.3.1(react@18.3.1)

  '@lexical/clipboard@0.21.0':
    dependencies:
      '@lexical/html': 0.21.0
      '@lexical/list': 0.21.0
      '@lexical/selection': 0.21.0
      '@lexical/utils': 0.21.0
      lexical: 0.21.0

  '@lexical/code@0.21.0':
    dependencies:
      '@lexical/utils': 0.21.0
      lexical: 0.21.0
      prismjs: 1.30.0

  '@lexical/devtools-core@0.21.0(react-dom@18.3.1(react@18.3.1))(react@18.3.1)':
    dependencies:
      '@lexical/html': 0.21.0
      '@lexical/link': 0.21.0
      '@lexical/mark': 0.21.0
      '@lexical/table': 0.21.0
      '@lexical/utils': 0.21.0
      lexical: 0.21.0
      react: 18.3.1
      react-dom: 18.3.1(react@18.3.1)

  '@lexical/dragon@0.21.0':
    dependencies:
      lexical: 0.21.0

  '@lexical/file@0.21.0':
    dependencies:
      lexical: 0.21.0

  '@lexical/hashtag@0.21.0':
    dependencies:
      '@lexical/utils': 0.21.0
      lexical: 0.21.0

  '@lexical/history@0.21.0':
    dependencies:
      '@lexical/utils': 0.21.0
      lexical: 0.21.0

  '@lexical/html@0.21.0':
    dependencies:
      '@lexical/selection': 0.21.0
      '@lexical/utils': 0.21.0
      lexical: 0.21.0

  '@lexical/link@0.21.0':
    dependencies:
      '@lexical/utils': 0.21.0
      lexical: 0.21.0

  '@lexical/list@0.21.0':
    dependencies:
      '@lexical/utils': 0.21.0
      lexical: 0.21.0

  '@lexical/mark@0.21.0':
    dependencies:
      '@lexical/utils': 0.21.0
      lexical: 0.21.0

  '@lexical/markdown@0.21.0':
    dependencies:
      '@lexical/code': 0.21.0
      '@lexical/link': 0.21.0
      '@lexical/list': 0.21.0
      '@lexical/rich-text': 0.21.0
      '@lexical/text': 0.21.0
      '@lexical/utils': 0.21.0
      lexical: 0.21.0

  '@lexical/offset@0.21.0':
    dependencies:
      lexical: 0.21.0

  '@lexical/overflow@0.21.0':
    dependencies:
      lexical: 0.21.0

  '@lexical/plain-text@0.21.0':
    dependencies:
      '@lexical/clipboard': 0.21.0
      '@lexical/selection': 0.21.0
      '@lexical/utils': 0.21.0
      lexical: 0.21.0

  '@lexical/react@0.21.0(react-dom@18.3.1(react@18.3.1))(react@18.3.1)(yjs@13.6.24)':
    dependencies:
      '@lexical/clipboard': 0.21.0
      '@lexical/code': 0.21.0
      '@lexical/devtools-core': 0.21.0(react-dom@18.3.1(react@18.3.1))(react@18.3.1)
      '@lexical/dragon': 0.21.0
      '@lexical/hashtag': 0.21.0
      '@lexical/history': 0.21.0
      '@lexical/link': 0.21.0
      '@lexical/list': 0.21.0
      '@lexical/mark': 0.21.0
      '@lexical/markdown': 0.21.0
      '@lexical/overflow': 0.21.0
      '@lexical/plain-text': 0.21.0
      '@lexical/rich-text': 0.21.0
      '@lexical/selection': 0.21.0
      '@lexical/table': 0.21.0
      '@lexical/text': 0.21.0
      '@lexical/utils': 0.21.0
      '@lexical/yjs': 0.21.0(yjs@13.6.24)
      lexical: 0.21.0
      react: 18.3.1
      react-dom: 18.3.1(react@18.3.1)
      react-error-boundary: 3.1.4(react@18.3.1)
    transitivePeerDependencies:
      - yjs

  '@lexical/rich-text@0.21.0':
    dependencies:
      '@lexical/clipboard': 0.21.0
      '@lexical/selection': 0.21.0
      '@lexical/utils': 0.21.0
      lexical: 0.21.0

  '@lexical/selection@0.21.0':
    dependencies:
      lexical: 0.21.0

  '@lexical/table@0.21.0':
    dependencies:
      '@lexical/clipboard': 0.21.0
      '@lexical/utils': 0.21.0
      lexical: 0.21.0

  '@lexical/text@0.21.0':
    dependencies:
      lexical: 0.21.0

  '@lexical/utils@0.21.0':
    dependencies:
      '@lexical/list': 0.21.0
      '@lexical/selection': 0.21.0
      '@lexical/table': 0.21.0
      lexical: 0.21.0

  '@lexical/yjs@0.21.0(yjs@13.6.24)':
    dependencies:
      '@lexical/offset': 0.21.0
      '@lexical/selection': 0.21.0
      lexical: 0.21.0
      yjs: 13.6.24

  '@types/lodash-es@4.17.12':
    dependencies:
      '@types/lodash': 4.17.16

  '@types/lodash@4.17.16': {}

  abstract-leveldown@6.2.3:
    dependencies:
      buffer: 5.7.1
      immediate: 3.3.0
      level-concat-iterator: 2.0.1
      level-supports: 1.0.1
      xtend: 4.0.2
    optional: true

  abstract-leveldown@6.3.0:
    dependencies:
      buffer: 5.7.1
      immediate: 3.3.0
      level-concat-iterator: 2.0.1
      level-supports: 1.0.1
      xtend: 4.0.2
    optional: true

  async-limiter@1.0.1:
    optional: true

  base64-js@1.5.1:
    optional: true

  buffer@5.7.1:
    dependencies:
      base64-js: 1.5.1
      ieee754: 1.2.1
    optional: true

  commander@8.3.0: {}

  deferred-leveldown@5.3.0:
    dependencies:
      abstract-leveldown: 6.2.3
      inherits: 2.0.4
    optional: true

  encoding-down@6.3.0:
    dependencies:
      abstract-leveldown: 6.3.0
      inherits: 2.0.4
      level-codec: 9.0.2
      level-errors: 2.0.1
    optional: true

  errno@0.1.8:
    dependencies:
      prr: 1.0.1
    optional: true

  ieee754@1.2.1:
    optional: true

  immediate@3.3.0:
    optional: true

  inherits@2.0.4:
    optional: true

  isomorphic.js@0.2.5: {}

  js-tokens@4.0.0: {}

  katex@0.16.21:
    dependencies:
      commander: 8.3.0

  level-codec@9.0.2:
    dependencies:
      buffer: 5.7.1
    optional: true

  level-concat-iterator@2.0.1:
    optional: true

  level-errors@2.0.1:
    dependencies:
      errno: 0.1.8
    optional: true

  level-iterator-stream@4.0.2:
    dependencies:
      inherits: 2.0.4
      readable-stream: 3.6.2
      xtend: 4.0.2
    optional: true

  level-js@5.0.2:
    dependencies:
      abstract-leveldown: 6.2.3
      buffer: 5.7.1
      inherits: 2.0.4
      ltgt: 2.2.1
    optional: true

  level-packager@5.1.1:
    dependencies:
      encoding-down: 6.3.0
      levelup: 4.4.0
    optional: true

  level-supports@1.0.1:
    dependencies:
      xtend: 4.0.2
    optional: true

  level@6.0.1:
    dependencies:
      level-js: 5.0.2
      level-packager: 5.1.1
      leveldown: 5.6.0
    optional: true

  leveldown@5.6.0:
    dependencies:
      abstract-leveldown: 6.2.3
      napi-macros: 2.0.0
      node-gyp-build: 4.1.1
    optional: true

  levelup@4.4.0:
    dependencies:
      deferred-leveldown: 5.3.0
      level-errors: 2.0.1
      level-iterator-stream: 4.0.2
      level-supports: 1.0.1
      xtend: 4.0.2
    optional: true

  lexical@0.21.0: {}

  lib0@0.2.99:
    dependencies:
      isomorphic.js: 0.2.5

  lodash-es@4.17.21: {}

  lodash.debounce@4.0.8: {}

  loose-envify@1.4.0:
    dependencies:
      js-tokens: 4.0.0

  ltgt@2.2.1:
    optional: true

  napi-macros@2.0.0:
    optional: true

  node-gyp-build@4.1.1:
    optional: true

  prettier@3.5.3: {}

  prismjs@1.30.0: {}

  prr@1.0.1:
    optional: true

  react-dom@18.3.1(react@18.3.1):
    dependencies:
      loose-envify: 1.4.0
      react: 18.3.1
      scheduler: 0.23.2

  react-error-boundary@3.1.4(react@18.3.1):
    dependencies:
      '@babel/runtime': 7.26.10
      react: 18.3.1

  react@18.3.1:
    dependencies:
      loose-envify: 1.4.0

  readable-stream@3.6.2:
    dependencies:
      inherits: 2.0.4
      string_decoder: 1.3.0
      util-deprecate: 1.0.2
    optional: true

  regenerator-runtime@0.14.1: {}

  safe-buffer@5.2.1:
    optional: true

  scheduler@0.23.2:
    dependencies:
      loose-envify: 1.4.0

  string_decoder@1.3.0:
    dependencies:
      safe-buffer: 5.2.1
    optional: true

  typescript@5.8.2: {}

  util-deprecate@1.0.2:
    optional: true

  ws@6.2.3:
    dependencies:
      async-limiter: 1.0.1
    optional: true

  xtend@4.0.2:
    optional: true

  y-leveldb@0.1.2(yjs@13.6.24):
    dependencies:
      level: 6.0.1
      lib0: 0.2.99
      yjs: 13.6.24
    optional: true

  y-protocols@1.0.6(yjs@13.6.24):
    dependencies:
      lib0: 0.2.99
      yjs: 13.6.24

  y-websocket@1.5.4(yjs@13.6.24):
    dependencies:
      lib0: 0.2.99
      lodash.debounce: 4.0.8
      y-protocols: 1.0.6(yjs@13.6.24)
      yjs: 13.6.24
    optionalDependencies:
      ws: 6.2.3
      y-leveldb: 0.1.2(yjs@13.6.24)
    transitivePeerDependencies:
      - bufferutil
      - utf-8-validate

  yjs@13.6.24:
    dependencies:
      lib0: 0.2.99
